
Microsoft Visual Studio Solution File, Format Version 12.00
# Visual Studio Version 16
VisualStudioVersion = 16.0.30907.101
MinimumVisualStudioVersion = 10.0.40219.1
Project("{9A19103F-16F7-4668-BE54-9A1E7A4F7556}") = "Main", "Main\Main.csproj", "{72CEEB66-C9EA-47FF-9A17-2DE5D47F1771}"
EndProject
Project("{9A19103F-16F7-4668-BE54-9A1E7A4F7556}") = "Entities", "Entities\Entities.csproj", "{7AA2A17D-3148-4B6B-B8DB-3B4F23D7FE50}"
EndProject
Project("{9A19103F-16F7-4668-BE54-9A1E7A4F7556}") = "Business", "Business\Business.csproj", "{AC9814F1-3EBA-4C43-BA87-4D7F285E2D52}"
EndProject
Global
	GlobalSection(SolutionConfigurationPlatforms) = preSolution
		Debug|Any CPU = Debug|Any CPU
		Release|Any CPU = Release|Any CPU
	EndGlobalSection
	GlobalSection(ProjectConfigurationPlatforms) = postSolution
		{72CEEB66-C9EA-47FF-9A17-2DE5D47F1771}.Debug|Any CPU.ActiveCfg = Debug|Any CPU
		{72CEEB66-C9EA-47FF-9A17-2DE5D47F1771}.Debug|Any CPU.Build.0 = Debug|Any CPU
		{72CEEB66-C9EA-47FF-9A17-2DE5D47F1771}.Release|Any CPU.ActiveCfg = Release|Any CPU
		{72CEEB66-C9EA-47FF-9A17-2DE5D47F1771}.Release|Any CPU.Build.0 = Release|Any CPU
		{7AA2A17D-3148-4B6B-B8DB-3B4F23D7FE50}.Debug|Any CPU.ActiveCfg = Debug|Any CPU
		{7AA2A17D-3148-4B6B-B8DB-3B4F23D7FE50}.Debug|Any CPU.Build.0 = Debug|Any CPU
		{7AA2A17D-3148-4B6B-B8DB-3B4F23D7FE50}.Release|Any CPU.ActiveCfg = Release|Any CPU
		{7AA2A17D-3148-4B6B-B8DB-3B4F23D7FE50}.Release|Any CPU.Build.0 = Release|Any CPU
		{AC9814F1-3EBA-4C43-BA87-4D7F285E2D52}.Debug|Any CPU.ActiveCfg = Debug|Any CPU
		{AC9814F1-3EBA-4C43-BA87-4D7F285E2D52}.Debug|Any CPU.Build.0 = Debug|Any CPU
		{AC9814F1-3EBA-4C43-BA87-4D7F285E2D52}.Release|Any CPU.ActiveCfg = Release|Any CPU
		{AC9814F1-3EBA-4C43-BA87-4D7F285E2D52}.Release|Any CPU.Build.0 = Release|Any CPU
	EndGlobalSection
	GlobalSection(SolutionProperties) = preSolution
		HideSolutionNode = FALSE
	EndGlobalSection
	GlobalSection(ExtensibilityGlobals) = postSolution
		SolutionGuid = {C31CA5ED-702E-46E6-A8DA-34646F9E6C95}
	EndGlobalSection
EndGlobal
